{
  "name": "Hotel-Booking-System-",
  "lockfileVersion": 3,
  "requires": true,
  "packages": {
    "": {
      "devDependencies": {
        "daisyui": "^5.1.27"
      }
    },
    "node_modules/daisyui": {
      "version": "5.1.27",
      "resolved": "https://registry.npmjs.org/daisyui/-/daisyui-5.1.27.tgz",
      "integrity": "sha512-oCC2RwjrGRPTeEpaXoNmYydzVfSRdyJCthFsi/Q5PErAvaoD8kDarxlW+wiPAx2WmM8W8lXvyAHJUqjObCMWOQ==",
      "dev": true,
      "license": "MIT",
      "funding": {
        "url": "https://github.com/saadeghi/daisyui?sponsor=1"
      }
    }
  }
}
